// !$*UTF8*$!
{
	archiveVersion = 1;
	classes = {
	};
	objectVersion = 46;
	objects = {

/* Begin PBXBuildFile section */
		F114D5621D6D50A900E488E7 /* 1.mp3 in Resources */ = {isa = PBXBuildFile; fileRef = F114D5611D6D50A900E488E7 /* 1.mp3 */; };
		F114D5641D6D50B900E488E7 /* 2.mp3 in Resources */ = {isa = PBXBuildFile; fileRef = F114D5631D6D50B900E488E7 /* 2.mp3 */; };
		F114D5661D6D50CC00E488E7 /* 38miao.mp3 in Resources */ = {isa = PBXBuildFile; fileRef = F114D5651D6D50CC00E488E7 /* 38miao.mp3 */; };
		F114D5681D6D50F500E488E7 /* tixing.mp3 in Resources */ = {isa = PBXBuildFile; fileRef = F114D5671D6D50F500E488E7 /* tixing.mp3 */; };
		F114D56F1D6D81A000E488E7 /* end_audio.mp3 in Resources */ = {isa = PBXBuildFile; fileRef = F114D56A1D6D81A000E488E7 /* end_audio.mp3 */; };
		F114D5701D6D81A000E488E7 /* end_exam.mp3 in Resources */ = {isa = PBXBuildFile; fileRef = F114D56B1D6D81A000E488E7 /* end_exam.mp3 */; };
		F114D5711D6D81A000E488E7 /* start_answer.mp3 in Resources */ = {isa = PBXBuildFile; fileRef = F114D56C1D6D81A000E488E7 /* start_answer.mp3 */; };
		F114D5721D6D81A000E488E7 /* start_audio.mp3 in Resources */ = {isa = PBXBuildFile; fileRef = F114D56D1D6D81A000E488E7 /* start_audio.mp3 */; };
		F114D5731D6D81A000E488E7 /* start_exam.mp3 in Resources */ = {isa = PBXBuildFile; fileRef = F114D56E1D6D81A000E488E7 /* start_exam.mp3 */; };
		F114D5761D6D8F3100E488E7 /* GetInformationVC.m in Sources */ = {isa = PBXBuildFile; fileRef = F114D5751D6D8F3100E488E7 /* GetInformationVC.m */; };
		F114D5791D6D931600E488E7 /* ListenTestVC.m in Sources */ = {isa = PBXBuildFile; fileRef = F114D5781D6D931600E488E7 /* ListenTestVC.m */; };
		F1B1DB3B1D6BEFF000F455E8 /* main.m in Sources */ = {isa = PBXBuildFile; fileRef = F1B1DB3A1D6BEFF000F455E8 /* main.m */; };
		F1B1DB3E1D6BEFF000F455E8 /* AppDelegate.m in Sources */ = {isa = PBXBuildFile; fileRef = F1B1DB3D1D6BEFF000F455E8 /* AppDelegate.m */; };
		F1B1DB411D6BEFF000F455E8 /* ReadingAloudVC.m in Sources */ = {isa = PBXBuildFile; fileRef = F1B1DB401D6BEFF000F455E8 /* ReadingAloudVC.m */; };
		F1B1DB441D6BEFF000F455E8 /* Human-computer.storyboard in Resources */ = {isa = PBXBuildFile; fileRef = F1B1DB421D6BEFF000F455E8 /* Human-computer.storyboard */; };
		F1B1DB461D6BEFF000F455E8 /* Assets.xcassets in Resources */ = {isa = PBXBuildFile; fileRef = F1B1DB451D6BEFF000F455E8 /* Assets.xcassets */; };
		F1B1DB491D6BEFF000F455E8 /* LaunchScreen.storyboard in Resources */ = {isa = PBXBuildFile; fileRef = F1B1DB471D6BEFF000F455E8 /* LaunchScreen.storyboard */; };
		F1B1DB541D6BEFF000F455E8 /* Human_computerInteractionTestTests.m in Sources */ = {isa = PBXBuildFile; fileRef = F1B1DB531D6BEFF000F455E8 /* Human_computerInteractionTestTests.m */; };
		F1B1DB5F1D6BEFF000F455E8 /* Human_computerInteractionTestUITests.m in Sources */ = {isa = PBXBuildFile; fileRef = F1B1DB5E1D6BEFF000F455E8 /* Human_computerInteractionTestUITests.m */; };
		F1B1DB6F1D6BF28A00F455E8 /* NSObject+Rect.m in Sources */ = {isa = PBXBuildFile; fileRef = F1B1DB6E1D6BF28A00F455E8 /* NSObject+Rect.m */; };
		F1B1DB721D6BF40600F455E8 /* UIColor+Extension.m in Sources */ = {isa = PBXBuildFile; fileRef = F1B1DB711D6BF40600F455E8 /* UIColor+Extension.m */; };
		F1B1DB751D6BF62800F455E8 /* BaseVC.m in Sources */ = {isa = PBXBuildFile; fileRef = F1B1DB741D6BF62800F455E8 /* BaseVC.m */; };
		F1B1DB801D6C3CB500F455E8 /* MP3Player.m in Sources */ = {isa = PBXBuildFile; fileRef = F1B1DB7F1D6C3CB500F455E8 /* MP3Player.m */; };
		F1C4FAF91D6EC6BD00F5AB15 /* EngineManager.m in Sources */ = {isa = PBXBuildFile; fileRef = F1C4FAF51D6EC6BD00F5AB15 /* EngineManager.m */; };
		F1C4FAFA1D6EC6BD00F5AB15 /* libusc.a in Frameworks */ = {isa = PBXBuildFile; fileRef = F1C4FAF61D6EC6BD00F5AB15 /* libusc.a */; };
		F1C4FAFB1D6EC6BE00F5AB15 /* tmp_oral_offline.bundle in Resources */ = {isa = PBXBuildFile; fileRef = F1C4FAF71D6EC6BD00F5AB15 /* tmp_oral_offline.bundle */; };
		F1E0FB7C1D6E8A4100E4F490 /* ListenTestCollectionCell.m in Sources */ = {isa = PBXBuildFile; fileRef = F1E0FB7A1D6E8A4100E4F490 /* ListenTestCollectionCell.m */; };
		F1E0FB7D1D6E8A4100E4F490 /* ListenTestCollectionCell.xib in Resources */ = {isa = PBXBuildFile; fileRef = F1E0FB7B1D6E8A4100E4F490 /* ListenTestCollectionCell.xib */; };
		F1E0FB801D6EC60200E4F490 /* libstdc++.6.0.9.tbd in Frameworks */ = {isa = PBXBuildFile; fileRef = F1E0FB7F1D6EC60200E4F490 /* libstdc++.6.0.9.tbd */; };
		F1E0FB881D6EC72500E4F490 /* Foundation.framework in Frameworks */ = {isa = PBXBuildFile; fileRef = F1E0FB871D6EC72500E4F490 /* Foundation.framework */; };
		F1E0FB8A1D6EC72B00E4F490 /* UIKit.framework in Frameworks */ = {isa = PBXBuildFile; fileRef = F1E0FB891D6EC72B00E4F490 /* UIKit.framework */; };
		F1E0FB8C1D6EC73400E4F490 /* CoreGraphics.framework in Frameworks */ = {isa = PBXBuildFile; fileRef = F1E0FB8B1D6EC73400E4F490 /* CoreGraphics.framework */; };
		F1E0FB8E1D6EC73C00E4F490 /* AudioToolbox.framework in Frameworks */ = {isa = PBXBuildFile; fileRef = F1E0FB8D1D6EC73C00E4F490 /* AudioToolbox.framework */; };
		F1E0FB901D6EC74600E4F490 /* CoreTelephony.framework in Frameworks */ = {isa = PBXBuildFile; fileRef = F1E0FB8F1D6EC74600E4F490 /* CoreTelephony.framework */; };
		F1E0FB921D6EC74C00E4F490 /* SystemConfiguration.framework in Frameworks */ = {isa = PBXBuildFile; fileRef = F1E0FB911D6EC74C00E4F490 /* SystemConfiguration.framework */; };
		F1E0FB941D6EC75100E4F490 /* AVFoundation.framework in Frameworks */ = {isa = PBXBuildFile; fileRef = F1E0FB931D6EC75100E4F490 /* AVFoundation.framework */; };
		F1E0FB971D6EC7CC00E4F490 /* EngineStateMachine.m in Sources */ = {isa = PBXBuildFile; fileRef = F1E0FB961D6EC7CC00E4F490 /* EngineStateMachine.m */; };
		F1FFF5A71D6F0220009B8BE2 /* UIViewController+BackButtonHandler.m in Sources */ = {isa = PBXBuildFile; fileRef = F1FFF5A61D6F0220009B8BE2 /* UIViewController+BackButtonHandler.m */; };
/* End PBXBuildFile section */

/* Begin PBXContainerItemProxy section */
		F1B1DB501D6BEFF000F455E8 /* PBXContainerItemProxy */ = {
			isa = PBXContainerItemProxy;
			containerPortal = F1B1DB2E1D6BEFF000F455E8 /* Project object */;
			proxyType = 1;
			remoteGlobalIDString = F1B1DB351D6BEFF000F455E8;
			remoteInfo = "Human-computerInteractionTest";
		};
		F1B1DB5B1D6BEFF000F455E8 /* PBXContainerItemProxy */ = {
			isa = PBXContainerItemProxy;
			containerPortal = F1B1DB2E1D6BEFF000F455E8 /* Project object */;
			proxyType = 1;
			remoteGlobalIDString = F1B1DB351D6BEFF000F455E8;
			remoteInfo = "Human-computerInteractionTest";
		};
/* End PBXContainerItemProxy section */

/* Begin PBXFileReference section */
		F114D5611D6D50A900E488E7 /* 1.mp3 */ = {isa = PBXFileReference; lastKnownFileType = audio.mp3; path = 1.mp3; sourceTree = "<group>"; };
		F114D5631D6D50B900E488E7 /* 2.mp3 */ = {isa = PBXFileReference; lastKnownFileType = audio.mp3; path = 2.mp3; sourceTree = "<group>"; };
		F114D5651D6D50CC00E488E7 /* 38miao.mp3 */ = {isa = PBXFileReference; lastKnownFileType = audio.mp3; path = 38miao.mp3; sourceTree = "<group>"; };
		F114D5671D6D50F500E488E7 /* tixing.mp3 */ = {isa = PBXFileReference; lastKnownFileType = audio.mp3; path = tixing.mp3; sourceTree = "<group>"; };
		F114D56A1D6D81A000E488E7 /* end_audio.mp3 */ = {isa = PBXFileReference; lastKnownFileType = audio.mp3; path = end_audio.mp3; sourceTree = "<group>"; };
		F114D56B1D6D81A000E488E7 /* end_exam.mp3 */ = {isa = PBXFileReference; lastKnownFileType = audio.mp3; path = end_exam.mp3; sourceTree = "<group>"; };
		F114D56C1D6D81A000E488E7 /* start_answer.mp3 */ = {isa = PBXFileReference; lastKnownFileType = audio.mp3; path = start_answer.mp3; sourceTree = "<group>"; };
		F114D56D1D6D81A000E488E7 /* start_audio.mp3 */ = {isa = PBXFileReference; lastKnownFileType = audio.mp3; path = start_audio.mp3; sourceTree = "<group>"; };
		F114D56E1D6D81A000E488E7 /* start_exam.mp3 */ = {isa = PBXFileReference; lastKnownFileType = audio.mp3; path = start_exam.mp3; sourceTree = "<group>"; };
		F114D5741D6D8F3100E488E7 /* GetInformationVC.h */ = {isa = PBXFileReference; fileEncoding = 4; lastKnownFileType = sourcecode.c.h; path = GetInformationVC.h; sourceTree = "<group>"; };
		F114D5751D6D8F3100E488E7 /* GetInformationVC.m */ = {isa = PBXFileReference; fileEncoding = 4; lastKnownFileType = sourcecode.c.objc; path = GetInformationVC.m; sourceTree = "<group>"; };
		F114D5771D6D931600E488E7 /* ListenTestVC.h */ = {isa = PBXFileReference; fileEncoding = 4; lastKnownFileType = sourcecode.c.h; path = ListenTestVC.h; sourceTree = "<group>"; };
		F114D5781D6D931600E488E7 /* ListenTestVC.m */ = {isa = PBXFileReference; fileEncoding = 4; lastKnownFileType = sourcecode.c.objc; path = ListenTestVC.m; sourceTree = "<group>"; };
		F1B1DB361D6BEFF000F455E8 /* Human-computerInteractionTest.app */ = {isa = PBXFileReference; explicitFileType = wrapper.application; includeInIndex = 0; path = "Human-computerInteractionTest.app"; sourceTree = BUILT_PRODUCTS_DIR; };
		F1B1DB3A1D6BEFF000F455E8 /* main.m */ = {isa = PBXFileReference; lastKnownFileType = sourcecode.c.objc; path = main.m; sourceTree = "<group>"; };
		F1B1DB3C1D6BEFF000F455E8 /* AppDelegate.h */ = {isa = PBXFileReference; lastKnownFileType = sourcecode.c.h; path = AppDelegate.h; sourceTree = "<group>"; };
		F1B1DB3D1D6BEFF000F455E8 /* AppDelegate.m */ = {isa = PBXFileReference; lastKnownFileType = sourcecode.c.objc; path = AppDelegate.m; sourceTree = "<group>"; };
		F1B1DB3F1D6BEFF000F455E8 /* ReadingAloudVC.h */ = {isa = PBXFileReference; lastKnownFileType = sourcecode.c.h; path = ReadingAloudVC.h; sourceTree = "<group>"; };
		F1B1DB401D6BEFF000F455E8 /* ReadingAloudVC.m */ = {isa = PBXFileReference; lastKnownFileType = sourcecode.c.objc; path = ReadingAloudVC.m; sourceTree = "<group>"; };
		F1B1DB431D6BEFF000F455E8 /* Base */ = {isa = PBXFileReference; lastKnownFileType = file.storyboard; name = Base; path = "Base.lproj/Human-computer.storyboard"; sourceTree = "<group>"; };
		F1B1DB451D6BEFF000F455E8 /* Assets.xcassets */ = {isa = PBXFileReference; lastKnownFileType = folder.assetcatalog; path = Assets.xcassets; sourceTree = "<group>"; };
		F1B1DB481D6BEFF000F455E8 /* Base */ = {isa = PBXFileReference; lastKnownFileType = file.storyboard; name = Base; path = Base.lproj/LaunchScreen.storyboard; sourceTree = "<group>"; };
		F1B1DB4A1D6BEFF000F455E8 /* Info.plist */ = {isa = PBXFileReference; lastKnownFileType = text.plist.xml; path = Info.plist; sourceTree = "<group>"; };
		F1B1DB4F1D6BEFF000F455E8 /* Human-computerInteractionTestTests.xctest */ = {isa = PBXFileReference; explicitFileType = wrapper.cfbundle; includeInIndex = 0; path = "Human-computerInteractionTestTests.xctest"; sourceTree = BUILT_PRODUCTS_DIR; };
		F1B1DB531D6BEFF000F455E8 /* Human_computerInteractionTestTests.m */ = {isa = PBXFileReference; lastKnownFileType = sourcecode.c.objc; path = Human_computerInteractionTestTests.m; sourceTree = "<group>"; };
		F1B1DB551D6BEFF000F455E8 /* Info.plist */ = {isa = PBXFileReference; lastKnownFileType = text.plist.xml; path = Info.plist; sourceTree = "<group>"; };
		F1B1DB5A1D6BEFF000F455E8 /* Human-computerInteractionTestUITests.xctest */ = {isa = PBXFileReference; explicitFileType = wrapper.cfbundle; includeInIndex = 0; path = "Human-computerInteractionTestUITests.xctest"; sourceTree = BUILT_PRODUCTS_DIR; };
		F1B1DB5E1D6BEFF000F455E8 /* Human_computerInteractionTestUITests.m */ = {isa = PBXFileReference; lastKnownFileType = sourcecode.c.objc; path = Human_computerInteractionTestUITests.m; sourceTree = "<group>"; };
		F1B1DB601D6BEFF000F455E8 /* Info.plist */ = {isa = PBXFileReference; lastKnownFileType = text.plist.xml; path = Info.plist; sourceTree = "<group>"; };
		F1B1DB6C1D6BF19E00F455E8 /* PrefixHeader.pch */ = {isa = PBXFileReference; lastKnownFileType = sourcecode.c.h; path = PrefixHeader.pch; sourceTree = "<group>"; };
		F1B1DB6D1D6BF28A00F455E8 /* NSObject+Rect.h */ = {isa = PBXFileReference; fileEncoding = 4; lastKnownFileType = sourcecode.c.h; name = "NSObject+Rect.h"; path = "Human-computerInteractionTest/NSObject+Rect.h"; sourceTree = "<group>"; };
		F1B1DB6E1D6BF28A00F455E8 /* NSObject+Rect.m */ = {isa = PBXFileReference; fileEncoding = 4; lastKnownFileType = sourcecode.c.objc; name = "NSObject+Rect.m"; path = "Human-computerInteractionTest/NSObject+Rect.m"; sourceTree = "<group>"; };
		F1B1DB701D6BF40600F455E8 /* UIColor+Extension.h */ = {isa = PBXFileReference; fileEncoding = 4; lastKnownFileType = sourcecode.c.h; path = "UIColor+Extension.h"; sourceTree = "<group>"; };
		F1B1DB711D6BF40600F455E8 /* UIColor+Extension.m */ = {isa = PBXFileReference; fileEncoding = 4; lastKnownFileType = sourcecode.c.objc; path = "UIColor+Extension.m"; sourceTree = "<group>"; };
		F1B1DB731D6BF62800F455E8 /* BaseVC.h */ = {isa = PBXFileReference; fileEncoding = 4; lastKnownFileType = sourcecode.c.h; path = BaseVC.h; sourceTree = "<group>"; };
		F1B1DB741D6BF62800F455E8 /* BaseVC.m */ = {isa = PBXFileReference; fileEncoding = 4; lastKnownFileType = sourcecode.c.objc; path = BaseVC.m; sourceTree = "<group>"; };
		F1B1DB7E1D6C3CB500F455E8 /* MP3Player.h */ = {isa = PBXFileReference; fileEncoding = 4; lastKnownFileType = sourcecode.c.h; path = MP3Player.h; sourceTree = "<group>"; };
		F1B1DB7F1D6C3CB500F455E8 /* MP3Player.m */ = {isa = PBXFileReference; fileEncoding = 4; lastKnownFileType = sourcecode.c.objc; path = MP3Player.m; sourceTree = "<group>"; };
		F1C4FAF41D6EC6BD00F5AB15 /* EngineManager.h */ = {isa = PBXFileReference; fileEncoding = 4; lastKnownFileType = sourcecode.c.h; path = EngineManager.h; sourceTree = "<group>"; };
		F1C4FAF51D6EC6BD00F5AB15 /* EngineManager.m */ = {isa = PBXFileReference; fileEncoding = 4; lastKnownFileType = sourcecode.c.objc; path = EngineManager.m; sourceTree = "<group>"; };
		F1C4FAF61D6EC6BD00F5AB15 /* libusc.a */ = {isa = PBXFileReference; lastKnownFileType = archive.ar; path = libusc.a; sourceTree = "<group>"; };
		F1C4FAF71D6EC6BD00F5AB15 /* tmp_oral_offline.bundle */ = {isa = PBXFileReference; lastKnownFileType = "wrapper.plug-in"; path = tmp_oral_offline.bundle; sourceTree = "<group>"; };
		F1C4FAF81D6EC6BD00F5AB15 /* USCRecognizer.h */ = {isa = PBXFileReference; fileEncoding = 4; lastKnownFileType = sourcecode.c.h; path = USCRecognizer.h; sourceTree = "<group>"; };
		F1E0FB791D6E8A4100E4F490 /* ListenTestCollectionCell.h */ = {isa = PBXFileReference; fileEncoding = 4; lastKnownFileType = sourcecode.c.h; path = ListenTestCollectionCell.h; sourceTree = "<group>"; };
		F1E0FB7A1D6E8A4100E4F490 /* ListenTestCollectionCell.m */ = {isa = PBXFileReference; fileEncoding = 4; lastKnownFileType = sourcecode.c.objc; path = ListenTestCollectionCell.m; sourceTree = "<group>"; };
		F1E0FB7B1D6E8A4100E4F490 /* ListenTestCollectionCell.xib */ = {isa = PBXFileReference; fileEncoding = 4; lastKnownFileType = file.xib; path = ListenTestCollectionCell.xib; sourceTree = "<group>"; };
		F1E0FB7F1D6EC60200E4F490 /* libstdc++.6.0.9.tbd */ = {isa = PBXFileReference; lastKnownFileType = "sourcecode.text-based-dylib-definition"; name = "libstdc++.6.0.9.tbd"; path = "usr/lib/libstdc++.6.0.9.tbd"; sourceTree = SDKROOT; };
		F1E0FB871D6EC72500E4F490 /* Foundation.framework */ = {isa = PBXFileReference; lastKnownFileType = wrapper.framework; name = Foundation.framework; path = System/Library/Frameworks/Foundation.framework; sourceTree = SDKROOT; };
		F1E0FB891D6EC72B00E4F490 /* UIKit.framework */ = {isa = PBXFileReference; lastKnownFileType = wrapper.framework; name = UIKit.framework; path = System/Library/Frameworks/UIKit.framework; sourceTree = SDKROOT; };
		F1E0FB8B1D6EC73400E4F490 /* CoreGraphics.framework */ = {isa = PBXFileReference; lastKnownFileType = wrapper.framework; name = CoreGraphics.framework; path = System/Library/Frameworks/CoreGraphics.framework; sourceTree = SDKROOT; };
		F1E0FB8D1D6EC73C00E4F490 /* AudioToolbox.framework */ = {isa = PBXFileReference; lastKnownFileType = wrapper.framework; name = AudioToolbox.framework; path = System/Library/Frameworks/AudioToolbox.framework; sourceTree = SDKROOT; };
		F1E0FB8F1D6EC74600E4F490 /* CoreTelephony.framework */ = {isa = PBXFileReference; lastKnownFileType = wrapper.framework; name = CoreTelephony.framework; path = System/Library/Frameworks/CoreTelephony.framework; sourceTree = SDKROOT; };
		F1E0FB911D6EC74C00E4F490 /* SystemConfiguration.framework */ = {isa = PBXFileReference; lastKnownFileType = wrapper.framework; name = SystemConfiguration.framework; path = System/Library/Frameworks/SystemConfiguration.framework; sourceTree = SDKROOT; };
		F1E0FB931D6EC75100E4F490 /* AVFoundation.framework */ = {isa = PBXFileReference; lastKnownFileType = wrapper.framework; name = AVFoundation.framework; path = System/Library/Frameworks/AVFoundation.framework; sourceTree = SDKROOT; };
		F1E0FB951D6EC7CC00E4F490 /* EngineStateMachine.h */ = {isa = PBXFileReference; fileEncoding = 4; lastKnownFileType = sourcecode.c.h; path = EngineStateMachine.h; sourceTree = "<group>"; };
		F1E0FB961D6EC7CC00E4F490 /* EngineStateMachine.m */ = {isa = PBXFileReference; fileEncoding = 4; lastKnownFileType = sourcecode.c.objc; path = EngineStateMachine.m; sourceTree = "<group>"; };
		F1FFF5A51D6F0220009B8BE2 /* UIViewController+BackButtonHandler.h */ = {isa = PBXFileReference; fileEncoding = 4; lastKnownFileType = sourcecode.c.h; path = "UIViewController+BackButtonHandler.h"; sourceTree = "<group>"; };
		F1FFF5A61D6F0220009B8BE2 /* UIViewController+BackButtonHandler.m */ = {isa = PBXFileReference; fileEncoding = 4; lastKnownFileType = sourcecode.c.objc; path = "UIViewController+BackButtonHandler.m"; sourceTree = "<group>"; };
/* End PBXFileReference section */

/* Begin PBXFrameworksBuildPhase section */
		F1B1DB331D6BEFF000F455E8 /* Frameworks */ = {
			isa = PBXFrameworksBuildPhase;
			buildActionMask = 2147483647;
			files = (
				F1E0FB941D6EC75100E4F490 /* AVFoundation.framework in Frameworks */,
				F1E0FB921D6EC74C00E4F490 /* SystemConfiguration.framework in Frameworks */,
				F1E0FB901D6EC74600E4F490 /* CoreTelephony.framework in Frameworks */,
				F1E0FB8E1D6EC73C00E4F490 /* AudioToolbox.framework in Frameworks */,
				F1E0FB8C1D6EC73400E4F490 /* CoreGraphics.framework in Frameworks */,
				F1E0FB8A1D6EC72B00E4F490 /* UIKit.framework in Frameworks */,
				F1E0FB881D6EC72500E4F490 /* Foundation.framework in Frameworks */,
				F1E0FB801D6EC60200E4F490 /* libstdc++.6.0.9.tbd in Frameworks */,
				F1C4FAFA1D6EC6BD00F5AB15 /* libusc.a in Frameworks */,
			);
			runOnlyForDeploymentPostprocessing = 0;
		};
		F1B1DB4C1D6BEFF000F455E8 /* Frameworks */ = {
			isa = PBXFrameworksBuildPhase;
			buildActionMask = 2147483647;
			files = (
			);
			runOnlyForDeploymentPostprocessing = 0;
		};
		F1B1DB571D6BEFF000F455E8 /* Frameworks */ = {
			isa = PBXFrameworksBuildPhase;
			buildActionMask = 2147483647;
			files = (
			);
			runOnlyForDeploymentPostprocessing = 0;
		};
/* End PBXFrameworksBuildPhase section */

/* Begin PBXGroup section */
		F114D5601D6D507D00E488E7 /* Resource */ = {
			isa = PBXGroup;
			children = (
				F114D5691D6D81A000E488E7 /* audio */,
				F114D5671D6D50F500E488E7 /* tixing.mp3 */,
				F114D5611D6D50A900E488E7 /* 1.mp3 */,
				F114D5631D6D50B900E488E7 /* 2.mp3 */,
				F114D5651D6D50CC00E488E7 /* 38miao.mp3 */,
			);
			name = Resource;
			sourceTree = "<group>";
		};
		F114D5691D6D81A000E488E7 /* audio */ = {
			isa = PBXGroup;
			children = (
				F114D56A1D6D81A000E488E7 /* end_audio.mp3 */,
				F114D56B1D6D81A000E488E7 /* end_exam.mp3 */,
				F114D56C1D6D81A000E488E7 /* start_answer.mp3 */,
				F114D56D1D6D81A000E488E7 /* start_audio.mp3 */,
				F114D56E1D6D81A000E488E7 /* start_exam.mp3 */,
			);
			path = audio;
			sourceTree = "<group>";
		};
		F114D57A1D6DA08F00E488E7 /* Model */ = {
			isa = PBXGroup;
			children = (
			);
			name = Model;
			sourceTree = "<group>";
		};
		F1B1DB2D1D6BEFF000F455E8 = {
			isa = PBXGroup;
			children = (
				F1E0FB7E1D6EC5EB00E4F490 /* Frameworks */,
				F114D5601D6D507D00E488E7 /* Resource */,
				F1B1DB6C1D6BF19E00F455E8 /* PrefixHeader.pch */,
				F1B1DB701D6BF40600F455E8 /* UIColor+Extension.h */,
				F1B1DB711D6BF40600F455E8 /* UIColor+Extension.m */,
				F1B1DB6D1D6BF28A00F455E8 /* NSObject+Rect.h */,
				F1B1DB6E1D6BF28A00F455E8 /* NSObject+Rect.m */,
				F1FFF5A51D6F0220009B8BE2 /* UIViewController+BackButtonHandler.h */,
				F1FFF5A61D6F0220009B8BE2 /* UIViewController+BackButtonHandler.m */,
				F1B1DB381D6BEFF000F455E8 /* Human-computerInteractionTest */,
				F1B1DB521D6BEFF000F455E8 /* Human-computerInteractionTestTests */,
				F1B1DB5D1D6BEFF000F455E8 /* Human-computerInteractionTestUITests */,
				F1B1DB371D6BEFF000F455E8 /* Products */,
			);
			sourceTree = "<group>";
		};
		F1B1DB371D6BEFF000F455E8 /* Products */ = {
			isa = PBXGroup;
			children = (
				F1B1DB361D6BEFF000F455E8 /* Human-computerInteractionTest.app */,
				F1B1DB4F1D6BEFF000F455E8 /* Human-computerInteractionTestTests.xctest */,
				F1B1DB5A1D6BEFF000F455E8 /* Human-computerInteractionTestUITests.xctest */,
			);
			name = Products;
			sourceTree = "<group>";
		};
		F1B1DB381D6BEFF000F455E8 /* Human-computerInteractionTest */ = {
			isa = PBXGroup;
			children = (
				F114D57A1D6DA08F00E488E7 /* Model */,
				F1B1DB7A1D6C3B3300F455E8 /* Mp3Player */,
				F1B1DB761D6C2AE500F455E8 /* view */,
				F1B1DB3C1D6BEFF000F455E8 /* AppDelegate.h */,
				F1B1DB3D1D6BEFF000F455E8 /* AppDelegate.m */,
				F1B1DB3F1D6BEFF000F455E8 /* ReadingAloudVC.h */,
				F1B1DB401D6BEFF000F455E8 /* ReadingAloudVC.m */,
				F114D5741D6D8F3100E488E7 /* GetInformationVC.h */,
				F114D5751D6D8F3100E488E7 /* GetInformationVC.m */,
				F114D5771D6D931600E488E7 /* ListenTestVC.h */,
				F114D5781D6D931600E488E7 /* ListenTestVC.m */,
				F1B1DB421D6BEFF000F455E8 /* Human-computer.storyboard */,
				F1B1DB451D6BEFF000F455E8 /* Assets.xcassets */,
				F1B1DB471D6BEFF000F455E8 /* LaunchScreen.storyboard */,
				F1B1DB4A1D6BEFF000F455E8 /* Info.plist */,
				F1B1DB391D6BEFF000F455E8 /* Supporting Files */,
				F1B1DB731D6BF62800F455E8 /* BaseVC.h */,
				F1B1DB741D6BF62800F455E8 /* BaseVC.m */,
			);
			path = "Human-computerInteractionTest";
			sourceTree = "<group>";
		};
		F1B1DB391D6BEFF000F455E8 /* Supporting Files */ = {
			isa = PBXGroup;
			children = (
				F1B1DB3A1D6BEFF000F455E8 /* main.m */,
			);
			name = "Supporting Files";
			sourceTree = "<group>";
		};
		F1B1DB521D6BEFF000F455E8 /* Human-computerInteractionTestTests */ = {
			isa = PBXGroup;
			children = (
				F1B1DB531D6BEFF000F455E8 /* Human_computerInteractionTestTests.m */,
				F1B1DB551D6BEFF000F455E8 /* Info.plist */,
			);
			path = "Human-computerInteractionTestTests";
			sourceTree = "<group>";
		};
		F1B1DB5D1D6BEFF000F455E8 /* Human-computerInteractionTestUITests */ = {
			isa = PBXGroup;
			children = (
				F1B1DB5E1D6BEFF000F455E8 /* Human_computerInteractionTestUITests.m */,
				F1B1DB601D6BEFF000F455E8 /* Info.plist */,
			);
			path = "Human-computerInteractionTestUITests";
			sourceTree = "<group>";
		};
		F1B1DB761D6C2AE500F455E8 /* view */ = {
			isa = PBXGroup;
			children = (
				F1E0FB791D6E8A4100E4F490 /* ListenTestCollectionCell.h */,
				F1E0FB7A1D6E8A4100E4F490 /* ListenTestCollectionCell.m */,
				F1E0FB7B1D6E8A4100E4F490 /* ListenTestCollectionCell.xib */,
			);
			name = view;
			sourceTree = "<group>";
		};
		F1B1DB7A1D6C3B3300F455E8 /* Mp3Player */ = {
			isa = PBXGroup;
			children = (
				F1B1DB7E1D6C3CB500F455E8 /* MP3Player.h */,
				F1B1DB7F1D6C3CB500F455E8 /* MP3Player.m */,
			);
			name = Mp3Player;
			sourceTree = "<group>";
		};
		F1C4FAF31D6EC6BD00F5AB15 /* lib */ = {
			isa = PBXGroup;
			children = (
				F1E0FB951D6EC7CC00E4F490 /* EngineStateMachine.h */,
				F1E0FB961D6EC7CC00E4F490 /* EngineStateMachine.m */,
				F1C4FAF41D6EC6BD00F5AB15 /* EngineManager.h */,
				F1C4FAF51D6EC6BD00F5AB15 /* EngineManager.m */,
				F1C4FAF61D6EC6BD00F5AB15 /* libusc.a */,
				F1C4FAF71D6EC6BD00F5AB15 /* tmp_oral_offline.bundle */,
				F1C4FAF81D6EC6BD00F5AB15 /* USCRecognizer.h */,
			);
			path = lib;
			sourceTree = "<group>";
		};
		F1E0FB7E1D6EC5EB00E4F490 /* Frameworks */ = {
			isa = PBXGroup;
			children = (
				F1E0FB931D6EC75100E4F490 /* AVFoundation.framework */,
				F1E0FB911D6EC74C00E4F490 /* SystemConfiguration.framework */,
				F1E0FB8F1D6EC74600E4F490 /* CoreTelephony.framework */,
				F1E0FB8D1D6EC73C00E4F490 /* AudioToolbox.framework */,
				F1E0FB8B1D6EC73400E4F490 /* CoreGraphics.framework */,
				F1E0FB891D6EC72B00E4F490 /* UIKit.framework */,
				F1E0FB871D6EC72500E4F490 /* Foundation.framework */,
				F1C4FAF31D6EC6BD00F5AB15 /* lib */,
				F1E0FB7F1D6EC60200E4F490 /* libstdc++.6.0.9.tbd */,
			);
			name = Frameworks;
			sourceTree = "<group>";
		};
/* End PBXGroup section */

/* Begin PBXNativeTarget section */
		F1B1DB351D6BEFF000F455E8 /* Human-computerInteractionTest */ = {
			isa = PBXNativeTarget;
			buildConfigurationList = F1B1DB631D6BEFF000F455E8 /* Build configuration list for PBXNativeTarget "Human-computerInteractionTest" */;
			buildPhases = (
				F1B1DB321D6BEFF000F455E8 /* Sources */,
				F1B1DB331D6BEFF000F455E8 /* Frameworks */,
				F1B1DB341D6BEFF000F455E8 /* Resources */,
			);
			buildRules = (
			);
			dependencies = (
			);
			name = "Human-computerInteractionTest";
			productName = "Human-computerInteractionTest";
			productReference = F1B1DB361D6BEFF000F455E8 /* Human-computerInteractionTest.app */;
			productType = "com.apple.product-type.application";
		};
		F1B1DB4E1D6BEFF000F455E8 /* Human-computerInteractionTestTests */ = {
			isa = PBXNativeTarget;
			buildConfigurationList = F1B1DB661D6BEFF000F455E8 /* Build configuration list for PBXNativeTarget "Human-computerInteractionTestTests" */;
			buildPhases = (
				F1B1DB4B1D6BEFF000F455E8 /* Sources */,
				F1B1DB4C1D6BEFF000F455E8 /* Frameworks */,
				F1B1DB4D1D6BEFF000F455E8 /* Resources */,
			);
			buildRules = (
			);
			dependencies = (
				F1B1DB511D6BEFF000F455E8 /* PBXTargetDependency */,
			);
			name = "Human-computerInteractionTestTests";
			productName = "Human-computerInteractionTestTests";
			productReference = F1B1DB4F1D6BEFF000F455E8 /* Human-computerInteractionTestTests.xctest */;
			productType = "com.apple.product-type.bundle.unit-test";
		};
		F1B1DB591D6BEFF000F455E8 /* Human-computerInteractionTestUITests */ = {
			isa = PBXNativeTarget;
			buildConfigurationList = F1B1DB691D6BEFF000F455E8 /* Build configuration list for PBXNativeTarget "Human-computerInteractionTestUITests" */;
			buildPhases = (
				F1B1DB561D6BEFF000F455E8 /* Sources */,
				F1B1DB571D6BEFF000F455E8 /* Frameworks */,
				F1B1DB581D6BEFF000F455E8 /* Resources */,
			);
			buildRules = (
			);
			dependencies = (
				F1B1DB5C1D6BEFF000F455E8 /* PBXTargetDependency */,
			);
			name = "Human-computerInteractionTestUITests";
			productName = "Human-computerInteractionTestUITests";
			productReference = F1B1DB5A1D6BEFF000F455E8 /* Human-computerInteractionTestUITests.xctest */;
			productType = "com.apple.product-type.bundle.ui-testing";
		};
/* End PBXNativeTarget section */

/* Begin PBXProject section */
		F1B1DB2E1D6BEFF000F455E8 /* Project object */ = {
			isa = PBXProject;
			attributes = {
				LastUpgradeCheck = 0720;
				ORGANIZATIONNAME = "裴新华";
				TargetAttributes = {
					F1B1DB351D6BEFF000F455E8 = {
						CreatedOnToolsVersion = 7.2;
					};
					F1B1DB4E1D6BEFF000F455E8 = {
						CreatedOnToolsVersion = 7.2;
						TestTargetID = F1B1DB351D6BEFF000F455E8;
					};
					F1B1DB591D6BEFF000F455E8 = {
						CreatedOnToolsVersion = 7.2;
						TestTargetID = F1B1DB351D6BEFF000F455E8;
					};
				};
			};
			buildConfigurationList = F1B1DB311D6BEFF000F455E8 /* Build configuration list for PBXProject "Human-computerInteractionTest" */;
			compatibilityVersion = "Xcode 3.2";
			developmentRegion = English;
			hasScannedForEncodings = 0;
			knownRegions = (
				en,
				Base,
			);
			mainGroup = F1B1DB2D1D6BEFF000F455E8;
			productRefGroup = F1B1DB371D6BEFF000F455E8 /* Products */;
			projectDirPath = "";
			projectRoot = "";
			targets = (
				F1B1DB351D6BEFF000F455E8 /* Human-computerInteractionTest */,
				F1B1DB4E1D6BEFF000F455E8 /* Human-computerInteractionTestTests */,
				F1B1DB591D6BEFF000F455E8 /* Human-computerInteractionTestUITests */,
			);
		};
/* End PBXProject section */

/* Begin PBXResourcesBuildPhase section */
		F1B1DB341D6BEFF000F455E8 /* Resources */ = {
			isa = PBXResourcesBuildPhase;
			buildActionMask = 2147483647;
			files = (
				F114D5661D6D50CC00E488E7 /* 38miao.mp3 in Resources */,
				F1B1DB491D6BEFF000F455E8 /* LaunchScreen.storyboard in Resources */,
				F114D5621D6D50A900E488E7 /* 1.mp3 in Resources */,
				F1C4FAFB1D6EC6BE00F5AB15 /* tmp_oral_offline.bundle in Resources */,
				F1E0FB7D1D6E8A4100E4F490 /* ListenTestCollectionCell.xib in Resources */,
				F114D5711D6D81A000E488E7 /* start_answer.mp3 in Resources */,
				F114D5701D6D81A000E488E7 /* end_exam.mp3 in Resources */,
				F114D56F1D6D81A000E488E7 /* end_audio.mp3 in Resources */,
				F1B1DB461D6BEFF000F455E8 /* Assets.xcassets in Resources */,
				F114D5681D6D50F500E488E7 /* tixing.mp3 in Resources */,
				F114D5731D6D81A000E488E7 /* start_exam.mp3 in Resources */,
				F114D5641D6D50B900E488E7 /* 2.mp3 in Resources */,
				F1B1DB441D6BEFF000F455E8 /* Human-computer.storyboard in Resources */,
				F114D5721D6D81A000E488E7 /* start_audio.mp3 in Resources */,
			);
			runOnlyForDeploymentPostprocessing = 0;
		};
		F1B1DB4D1D6BEFF000F455E8 /* Resources */ = {
			isa = PBXResourcesBuildPhase;
			buildActionMask = 2147483647;
			files = (
			);
			runOnlyForDeploymentPostprocessing = 0;
		};
		F1B1DB581D6BEFF000F455E8 /* Resources */ = {
			isa = PBXResourcesBuildPhase;
			buildActionMask = 2147483647;
			files = (
			);
			runOnlyForDeploymentPostprocessing = 0;
		};
/* End PBXResourcesBuildPhase section */

/* Begin PBXSourcesBuildPhase section */
		F1B1DB321D6BEFF000F455E8 /* Sources */ = {
			isa = PBXSourcesBuildPhase;
			buildActionMask = 2147483647;
			files = (
				F1B1DB411D6BEFF000F455E8 /* ReadingAloudVC.m in Sources */,
				F1B1DB3E1D6BEFF000F455E8 /* AppDelegate.m in Sources */,
				F1B1DB721D6BF40600F455E8 /* UIColor+Extension.m in Sources */,
				F1E0FB971D6EC7CC00E4F490 /* EngineStateMachine.m in Sources */,
				F114D5791D6D931600E488E7 /* ListenTestVC.m in Sources */,
				F1B1DB801D6C3CB500F455E8 /* MP3Player.m in Sources */,
				F114D5761D6D8F3100E488E7 /* GetInformationVC.m in Sources */,
				F1B1DB751D6BF62800F455E8 /* BaseVC.m in Sources */,
				F1B1DB3B1D6BEFF000F455E8 /* main.m in Sources */,
				F1E0FB7C1D6E8A4100E4F490 /* ListenTestCollectionCell.m in Sources */,
				F1B1DB6F1D6BF28A00F455E8 /* NSObject+Rect.m in Sources */,
				F1C4FAF91D6EC6BD00F5AB15 /* EngineManager.m in Sources */,
				F1FFF5A71D6F0220009B8BE2 /* UIViewController+BackButtonHandler.m in Sources */,
			);
			runOnlyForDeploymentPostprocessing = 0;
		};
		F1B1DB4B1D6BEFF000F455E8 /* Sources */ = {
			isa = PBXSourcesBuildPhase;
			buildActionMask = 2147483647;
			files = (
				F1B1DB541D6BEFF000F455E8 /* Human_computerInteractionTestTests.m in Sources */,
			);
			runOnlyForDeploymentPostprocessing = 0;
		};
		F1B1DB561D6BEFF000F455E8 /* Sources */ = {
			isa = PBXSourcesBuildPhase;
			buildActionMask = 2147483647;
			files = (
				F1B1DB5F1D6BEFF000F455E8 /* Human_computerInteractionTestUITests.m in Sources */,
			);
			runOnlyForDeploymentPostprocessing = 0;
		};
/* End PBXSourcesBuildPhase section */

/* Begin PBXTargetDependency section */
		F1B1DB511D6BEFF000F455E8 /* PBXTargetDependency */ = {
			isa = PBXTargetDependency;
			target = F1B1DB351D6BEFF000F455E8 /* Human-computerInteractionTest */;
			targetProxy = F1B1DB501D6BEFF000F455E8 /* PBXContainerItemProxy */;
		};
		F1B1DB5C1D6BEFF000F455E8 /* PBXTargetDependency */ = {
			isa = PBXTargetDependency;
			target = F1B1DB351D6BEFF000F455E8 /* Human-computerInteractionTest */;
			targetProxy = F1B1DB5B1D6BEFF000F455E8 /* PBXContainerItemProxy */;
		};
/* End PBXTargetDependency section */

/* Begin PBXVariantGroup section */
		F1B1DB421D6BEFF000F455E8 /* Human-computer.storyboard */ = {
			isa = PBXVariantGroup;
			children = (
				F1B1DB431D6BEFF000F455E8 /* Base */,
			);
			name = "Human-computer.storyboard";
			sourceTree = "<group>";
		};
		F1B1DB471D6BEFF000F455E8 /* LaunchScreen.storyboard */ = {
			isa = PBXVariantGroup;
			children = (
				F1B1DB481D6BEFF000F455E8 /* Base */,
			);
			name = LaunchScreen.storyboard;
			sourceTree = "<group>";
		};
/* End PBXVariantGroup section */

/* Begin XCBuildConfiguration section */
		F1B1DB611D6BEFF000F455E8 /* Debug */ = {
			isa = XCBuildConfiguration;
			buildSettings = {
				ALWAYS_SEARCH_USER_PATHS = NO;
				CLANG_CXX_LANGUAGE_STANDARD = "gnu++0x";
				CLANG_CXX_LIBRARY = "libc++";
				CLANG_ENABLE_MODULES = YES;
				CLANG_ENABLE_OBJC_ARC = YES;
				CLANG_WARN_BOOL_CONVERSION = YES;
				CLANG_WARN_CONSTANT_CONVERSION = YES;
				CLANG_WARN_DIRECT_OBJC_ISA_USAGE = YES_ERROR;
				CLANG_WARN_EMPTY_BODY = YES;
				CLANG_WARN_ENUM_CONVERSION = YES;
				CLANG_WARN_INT_CONVERSION = YES;
				CLANG_WARN_OBJC_ROOT_CLASS = YES_ERROR;
				CLANG_WARN_UNREACHABLE_CODE = YES;
				CLANG_WARN__DUPLICATE_METHOD_MATCH = YES;
				"CODE_SIGN_IDENTITY[sdk=iphoneos*]" = "iPhone Developer";
				COPY_PHASE_STRIP = NO;
				DEBUG_INFORMATION_FORMAT = dwarf;
				ENABLE_STRICT_OBJC_MSGSEND = YES;
				ENABLE_TESTABILITY = YES;
				GCC_C_LANGUAGE_STANDARD = gnu99;
				GCC_DYNAMIC_NO_PIC = NO;
				GCC_NO_COMMON_BLOCKS = YES;
				GCC_OPTIMIZATION_LEVEL = 0;
				GCC_PREPROCESSOR_DEFINITIONS = (
					"DEBUG=1",
					"$(inherited)",
				);
				GCC_WARN_64_TO_32_BIT_CONVERSION = YES;
				GCC_WARN_ABOUT_RETURN_TYPE = YES_ERROR;
				GCC_WARN_UNDECLARED_SELECTOR = YES;
				GCC_WARN_UNINITIALIZED_AUTOS = YES_AGGRESSIVE;
				GCC_WARN_UNUSED_FUNCTION = YES;
				GCC_WARN_UNUSED_VARIABLE = YES;
				IPHONEOS_DEPLOYMENT_TARGET = 9.2;
				MTL_ENABLE_DEBUG_INFO = YES;
				ONLY_ACTIVE_ARCH = YES;
				SDKROOT = iphoneos;
				TARGETED_DEVICE_FAMILY = "1,2";
			};
			name = Debug;
		};
		F1B1DB621D6BEFF000F455E8 /* Release */ = {
			isa = XCBuildConfiguration;
			buildSettings = {
				ALWAYS_SEARCH_USER_PATHS = NO;
				CLANG_CXX_LANGUAGE_STANDARD = "gnu++0x";
				CLANG_CXX_LIBRARY = "libc++";
				CLANG_ENABLE_MODULES = YES;
				CLANG_ENABLE_OBJC_ARC = YES;
				CLANG_WARN_BOOL_CONVERSION = YES;
				CLANG_WARN_CONSTANT_CONVERSION = YES;
				CLANG_WARN_DIRECT_OBJC_ISA_USAGE = YES_ERROR;
				CLANG_WARN_EMPTY_BODY = YES;
				CLANG_WARN_ENUM_CONVERSION = YES;
				CLANG_WARN_INT_CONVERSION = YES;
				CLANG_WARN_OBJC_ROOT_CLASS = YES_ERROR;
				CLANG_WARN_UNREACHABLE_CODE = YES;
				CLANG_WARN__DUPLICATE_METHOD_MATCH = YES;
				"CODE_SIGN_IDENTITY[sdk=iphoneos*]" = "iPhone Developer";
				COPY_PHASE_STRIP = NO;
				DEBUG_INFORMATION_FORMAT = "dwarf-with-dsym";
				ENABLE_NS_ASSERTIONS = NO;
				ENABLE_STRICT_OBJC_MSGSEND = YES;
				GCC_C_LANGUAGE_STANDARD = gnu99;
				GCC_NO_COMMON_BLOCKS = YES;
				GCC_WARN_64_TO_32_BIT_CONVERSION = YES;
				GCC_WARN_ABOUT_RETURN_TYPE = YES_ERROR;
				GCC_WARN_UNDECLARED_SELECTOR = YES;
				GCC_WARN_UNINITIALIZED_AUTOS = YES_AGGRESSIVE;
				GCC_WARN_UNUSED_FUNCTION = YES;
				GCC_WARN_UNUSED_VARIABLE = YES;
				IPHONEOS_DEPLOYMENT_TARGET = 9.2;
				MTL_ENABLE_DEBUG_INFO = NO;
				SDKROOT = iphoneos;
				TARGETED_DEVICE_FAMILY = "1,2";
				VALIDATE_PRODUCT = YES;
			};
			name = Release;
		};
		F1B1DB641D6BEFF000F455E8 /* Debug */ = {
			isa = XCBuildConfiguration;
			buildSettings = {
				ASSETCATALOG_COMPILER_APPICON_NAME = AppIcon;
				ENABLE_BITCODE = NO;
				GCC_PRECOMPILE_PREFIX_HEADER = YES;
				GCC_PREFIX_HEADER = "$(SRCROOT)/PrefixHeader.pch";
				INFOPLIST_FILE = "Human-computerInteractionTest/Info.plist";
				LD_RUNPATH_SEARCH_PATHS = "$(inherited) @executable_path/Frameworks";
				LIBRARY_SEARCH_PATHS = (
					"$(inherited)",
					"$(PROJECT_DIR)/lib",
				);
				PRODUCT_BUNDLE_IDENTIFIER = cn.yunzhisheng.UStudy;
				PRODUCT_NAME = "$(TARGET_NAME)";
			};
			name = Debug;
		};
		F1B1DB651D6BEFF000F455E8 /* Release */ = {
			isa = XCBuildConfiguration;
			buildSettings = {
				ASSETCATALOG_COMPILER_APPICON_NAME = AppIcon;
				ENABLE_BITCODE = NO;
				GCC_PRECOMPILE_PREFIX_HEADER = YES;
				GCC_PREFIX_HEADER = "$(SRCROOT)/PrefixHeader.pch";
				INFOPLIST_FILE = "Human-computerInteractionTest/Info.plist";
				LD_RUNPATH_SEARCH_PATHS = "$(inherited) @executable_path/Frameworks";
				LIBRARY_SEARCH_PATHS = (
					"$(inherited)",
					"$(PROJECT_DIR)/lib",
				);
				PRODUCT_BUNDLE_IDENTIFIER = cn.yunzhisheng.UStudy;
				PRODUCT_NAME = "$(TARGET_NAME)";
			};
			name = Release;
		};
		F1B1DB671D6BEFF000F455E8 /* Debug */ = {
			isa = XCBuildConfiguration;
			buildSettings = {
				BUNDLE_LOADER = "$(TEST_HOST)";
				INFOPLIST_FILE = "Human-computerInteractionTestTests/Info.plist";
				LD_RUNPATH_SEARCH_PATHS = "$(inherited) @executable_path/Frameworks @loader_path/Frameworks";
				PRODUCT_BUNDLE_IDENTIFIER = "com.yunzhisheng.Human-computerInteractionTestTests";
				PRODUCT_NAME = "$(TARGET_NAME)";
				TEST_HOST = "$(BUILT_PRODUCTS_DIR)/Human-computerInteractionTest.app/Human-computerInteractionTest";
			};
			name = Debug;
		};
		F1B1DB681D6BEFF000F455E8 /* Release */ = {
			isa = XCBuildConfiguration;
			buildSettings = {
				BUNDLE_LOADER = "$(TEST_HOST)";
				INFOPLIST_FILE = "Human-computerInteractionTestTests/Info.plist";
				LD_RUNPATH_SEARCH_PATHS = "$(inherited) @executable_path/Frameworks @loader_path/Frameworks";
				PRODUCT_BUNDLE_IDENTIFIER = "com.yunzhisheng.Human-computerInteractionTestTests";
				PRODUCT_NAME = "$(TARGET_NAME)";
				TEST_HOST = "$(BUILT_PRODUCTS_DIR)/Human-computerInteractionTest.app/Human-computerInteractionTest";
			};
			name = Release;
		};
		F1B1DB6A1D6BEFF000F455E8 /* Debug */ = {
			isa = XCBuildConfiguration;
			buildSettings = {
				INFOPLIST_FILE = "Human-computerInteractionTestUITests/Info.plist";
				LD_RUNPATH_SEARCH_PATHS = "$(inherited) @executable_path/Frameworks @loader_path/Frameworks";
				PRODUCT_BUNDLE_IDENTIFIER = "com.yunzhisheng.Human-computerInteractionTestUITests";
				PRODUCT_NAME = "$(TARGET_NAME)";
				TEST_TARGET_NAME = "Human-computerInteractionTest";
				USES_XCTRUNNER = YES;
			};
			name = Debug;
		};
		F1B1DB6B1D6BEFF000F455E8 /* Release */ = {
			isa = XCBuildConfiguration;
			buildSettings = {
				INFOPLIST_FILE = "Human-computerInteractionTestUITests/Info.plist";
				LD_RUNPATH_SEARCH_PATHS = "$(inherited) @executable_path/Frameworks @loader_path/Frameworks";
				PRODUCT_BUNDLE_IDENTIFIER = "com.yunzhisheng.Human-computerInteractionTestUITests";
				PRODUCT_NAME = "$(TARGET_NAME)";
				TEST_TARGET_NAME = "Human-computerInteractionTest";
				USES_XCTRUNNER = YES;
			};
			name = Release;
		};
/* End XCBuildConfiguration section */

/* Begin XCConfigurationList section */
		F1B1DB311D6BEFF000F455E8 /* Build configuration list for PBXProject "Human-computerInteractionTest" */ = {
			isa = XCConfigurationList;
			buildConfigurations = (
				F1B1DB611D6BEFF000F455E8 /* Debug */,
				F1B1DB621D6BEFF000F455E8 /* Release */,
			);
			defaultConfigurationIsVisible = 0;
			defaultConfigurationName = Release;
		};
		F1B1DB631D6BEFF000F455E8 /* Build configuration list for PBXNativeTarget "Human-computerInteractionTest" */ = {
			isa = XCConfigurationList;
			buildConfigurations = (
				F1B1DB641D6BEFF000F455E8 /* Debug */,
				F1B1DB651D6BEFF000F455E8 /* Release */,
			);
			defaultConfigurationIsVisible = 0;
			defaultConfigurationName = Release;
		};
		F1B1DB661D6BEFF000F455E8 /* Build configuration list for PBXNativeTarget "Human-computerInteractionTestTests" */ = {
			isa = XCConfigurationList;
			buildConfigurations = (
				F1B1DB671D6BEFF000F455E8 /* Debug */,
				F1B1DB681D6BEFF000F455E8 /* Release */,
			);
			defaultConfigurationIsVisible = 0;
			defaultConfigurationName = Release;
		};
		F1B1DB691D6BEFF000F455E8 /* Build configuration list for PBXNativeTarget "Human-computerInteractionTestUITests" */ = {
			isa = XCConfigurationList;
			buildConfigurations = (
				F1B1DB6A1D6BEFF000F455E8 /* Debug */,
				F1B1DB6B1D6BEFF000F455E8 /* Release */,
			);
			defaultConfigurationIsVisible = 0;
			defaultConfigurationName = Release;
		};
/* End XCConfigurationList section */
	};
	rootObject = F1B1DB2E1D6BEFF000F455E8 /* Project object */;
}
